
Microsoft Visual Studio Solution File, Format Version 12.00
# Visual Studio Version 16
VisualStudioVersion = 16.0.31624.102
MinimumVisualStudioVersion = 10.0.40219.1
Project("{8BC9CEB8-8B4A-11D0-8D11-00A0C91BC942}") = "lab2", "lab2\lab2.vcxproj", "{F2C9B1BF-9075-44CA-BA7C-BA0290B4DFB3}"
EndProject
Project("{8BC9CEB8-8B4A-11D0-8D11-00A0C91BC942}") = "lab2_unit-tests", "lab2_unit-tests\lab2_unit-tests.vcxproj", "{0ACE83D2-8795-46A7-AB81-F9427CE6F480}"
EndProject
Global
	GlobalSection(SolutionConfigurationPlatforms) = preSolution
		Debug|x64 = Debug|x64
		Debug|x86 = Debug|x86
		Release|x64 = Release|x64
		Release|x86 = Release|x86
	EndGlobalSection
	GlobalSection(ProjectConfigurationPlatforms) = postSolution
		{F2C9B1BF-9075-44CA-BA7C-BA0290B4DFB3}.Debug|x64.ActiveCfg = Debug|x64
		{F2C9B1BF-9075-44CA-BA7C-BA0290B4DFB3}.Debug|x64.Build.0 = Debug|x64
		{F2C9B1BF-9075-44CA-BA7C-BA0290B4DFB3}.Debug|x86.ActiveCfg = Debug|Win32
		{F2C9B1BF-9075-44CA-BA7C-BA0290B4DFB3}.Debug|x86.Build.0 = Debug|Win32
		{F2C9B1BF-9075-44CA-BA7C-BA0290B4DFB3}.Release|x64.ActiveCfg = Release|x64
		{F2C9B1BF-9075-44CA-BA7C-BA0290B4DFB3}.Release|x64.Build.0 = Release|x64
		{F2C9B1BF-9075-44CA-BA7C-BA0290B4DFB3}.Release|x86.ActiveCfg = Release|Win32
		{F2C9B1BF-9075-44CA-BA7C-BA0290B4DFB3}.Release|x86.Build.0 = Release|Win32
		{0ACE83D2-8795-46A7-AB81-F9427CE6F480}.Debug|x64.ActiveCfg = Debug|x64
		{0ACE83D2-8795-46A7-AB81-F9427CE6F480}.Debug|x64.Build.0 = Debug|x64
		{0ACE83D2-8795-46A7-AB81-F9427CE6F480}.Debug|x86.ActiveCfg = Debug|Win32
		{0ACE83D2-8795-46A7-AB81-F9427CE6F480}.Debug|x86.Build.0 = Debug|Win32
		{0ACE83D2-8795-46A7-AB81-F9427CE6F480}.Release|x64.ActiveCfg = Release|x64
		{0ACE83D2-8795-46A7-AB81-F9427CE6F480}.Release|x64.Build.0 = Release|x64
		{0ACE83D2-8795-46A7-AB81-F9427CE6F480}.Release|x86.ActiveCfg = Release|Win32
		{0ACE83D2-8795-46A7-AB81-F9427CE6F480}.Release|x86.Build.0 = Release|Win32
	EndGlobalSection
	GlobalSection(SolutionProperties) = preSolution
		HideSolutionNode = FALSE
	EndGlobalSection
	GlobalSection(ExtensibilityGlobals) = postSolution
		SolutionGuid = {417BE1CD-72E0-4725-98B1-C9D9B0B6DADF}
	EndGlobalSection
EndGlobal
