
Microsoft Visual Studio Solution File, Format Version 12.00
# Visual Studio Version 17
VisualStudioVersion = 17.1.32414.318
MinimumVisualStudioVersion = 10.0.40219.1
Project("{8BC9CEB8-8B4A-11D0-8D11-00A0C91BC942}") = "lab2", "lab2\lab2.vcxproj", "{01CB4E6B-B8E4-4822-A7D4-3FC8F7AEEB1C}"
EndProject
Project("{8BC9CEB8-8B4A-11D0-8D11-00A0C91BC942}") = "lab2_unit-test", "lab2_unit-test\lab2_unit-test.vcxproj", "{1407A20E-A283-4C06-8817-F60990E1F4A9}"
EndProject
Global
	GlobalSection(SolutionConfigurationPlatforms) = preSolution
		Debug|x64 = Debug|x64
		Debug|x86 = Debug|x86
		Release|x64 = Release|x64
		Release|x86 = Release|x86
	EndGlobalSection
	GlobalSection(ProjectConfigurationPlatforms) = postSolution
		{01CB4E6B-B8E4-4822-A7D4-3FC8F7AEEB1C}.Debug|x64.ActiveCfg = Debug|x64
		{01CB4E6B-B8E4-4822-A7D4-3FC8F7AEEB1C}.Debug|x64.Build.0 = Debug|x64
		{01CB4E6B-B8E4-4822-A7D4-3FC8F7AEEB1C}.Debug|x86.ActiveCfg = Debug|Win32
		{01CB4E6B-B8E4-4822-A7D4-3FC8F7AEEB1C}.Debug|x86.Build.0 = Debug|Win32
		{01CB4E6B-B8E4-4822-A7D4-3FC8F7AEEB1C}.Release|x64.ActiveCfg = Release|x64
		{01CB4E6B-B8E4-4822-A7D4-3FC8F7AEEB1C}.Release|x64.Build.0 = Release|x64
		{01CB4E6B-B8E4-4822-A7D4-3FC8F7AEEB1C}.Release|x86.ActiveCfg = Release|Win32
		{01CB4E6B-B8E4-4822-A7D4-3FC8F7AEEB1C}.Release|x86.Build.0 = Release|Win32
		{1407A20E-A283-4C06-8817-F60990E1F4A9}.Debug|x64.ActiveCfg = Debug|x64
		{1407A20E-A283-4C06-8817-F60990E1F4A9}.Debug|x64.Build.0 = Debug|x64
		{1407A20E-A283-4C06-8817-F60990E1F4A9}.Debug|x86.ActiveCfg = Debug|Win32
		{1407A20E-A283-4C06-8817-F60990E1F4A9}.Debug|x86.Build.0 = Debug|Win32
		{1407A20E-A283-4C06-8817-F60990E1F4A9}.Release|x64.ActiveCfg = Release|x64
		{1407A20E-A283-4C06-8817-F60990E1F4A9}.Release|x64.Build.0 = Release|x64
		{1407A20E-A283-4C06-8817-F60990E1F4A9}.Release|x86.ActiveCfg = Release|Win32
		{1407A20E-A283-4C06-8817-F60990E1F4A9}.Release|x86.Build.0 = Release|Win32
	EndGlobalSection
	GlobalSection(SolutionProperties) = preSolution
		HideSolutionNode = FALSE
	EndGlobalSection
	GlobalSection(ExtensibilityGlobals) = postSolution
		SolutionGuid = {61B320C3-9BBE-49E9-BFB8-A7C2176D6FB9}
	EndGlobalSection
EndGlobal
